
Microsoft Visual Studio Solution File, Format Version 11.00
# Visual Studio 2010
Project("{FAE04EC0-301F-11D3-BF4B-00C04F79EFBC}") = "xmapper", "xmapper\xmapper.csproj", "{8DD6CA4B-D497-47BA-BB6F-24F62C646A6F}"
EndProject
Project("{FAE04EC0-301F-11D3-BF4B-00C04F79EFBC}") = "xmapper.test", "xmapper.test\xmapper.test.csproj", "{ADDB3B14-0B50-4257-9789-B6104B7FA9D1}"
EndProject
Project("{2150E333-8FDC-42A3-9474-1A3956D46DE8}") = "Solution Items", "Solution Items", "{253B31F2-14C7-40A3-9D26-32A939592484}"
	ProjectSection(SolutionItems) = preProject
		Local.testsettings = Local.testsettings
		README.md = README.md
		TraceAndTestImpact.testsettings = TraceAndTestImpact.testsettings
		xmapper.vsmdi = xmapper.vsmdi
	EndProjectSection
EndProject
Global
	GlobalSection(TestCaseManagementSettings) = postSolution
		CategoryFile = xmapper.vsmdi
	EndGlobalSection
	GlobalSection(SolutionConfigurationPlatforms) = preSolution
		Debug|Any CPU = Debug|Any CPU
		Release|Any CPU = Release|Any CPU
	EndGlobalSection
	GlobalSection(ProjectConfigurationPlatforms) = postSolution
		{8DD6CA4B-D497-47BA-BB6F-24F62C646A6F}.Debug|Any CPU.ActiveCfg = Debug|Any CPU
		{8DD6CA4B-D497-47BA-BB6F-24F62C646A6F}.Debug|Any CPU.Build.0 = Debug|Any CPU
		{8DD6CA4B-D497-47BA-BB6F-24F62C646A6F}.Release|Any CPU.ActiveCfg = Release|Any CPU
		{8DD6CA4B-D497-47BA-BB6F-24F62C646A6F}.Release|Any CPU.Build.0 = Release|Any CPU
		{ADDB3B14-0B50-4257-9789-B6104B7FA9D1}.Debug|Any CPU.ActiveCfg = Debug|Any CPU
		{ADDB3B14-0B50-4257-9789-B6104B7FA9D1}.Debug|Any CPU.Build.0 = Debug|Any CPU
		{ADDB3B14-0B50-4257-9789-B6104B7FA9D1}.Release|Any CPU.ActiveCfg = Release|Any CPU
	EndGlobalSection
	GlobalSection(SolutionProperties) = preSolution
		HideSolutionNode = FALSE
	EndGlobalSection
EndGlobal
